
Microsoft Visual Studio Solution File, Format Version 12.00
# Visual Studio Version 17
VisualStudioVersion = 17.12.35707.178 d17.12
MinimumVisualStudioVersion = 10.0.40219.1
Project("{FAE04EC0-301F-11D3-BF4B-00C04F79EFBC}") = "wk2ex1", "wk2ex1\wk2ex1.csproj", "{6D29B1CF-CDF5-4719-A00C-3DEA9CC58D0D}"
EndProject
Global
	GlobalSection(SolutionConfigurationPlatforms) = preSolution
		Debug|Any CPU = Debug|Any CPU
		Release|Any CPU = Release|Any CPU
	EndGlobalSection
	GlobalSection(ProjectConfigurationPlatforms) = postSolution
		{6D29B1CF-CDF5-4719-A00C-3DEA9CC58D0D}.Debug|Any CPU.ActiveCfg = Debug|Any CPU
		{6D29B1CF-CDF5-4719-A00C-3DEA9CC58D0D}.Debug|Any CPU.Build.0 = Debug|Any CPU
		{6D29B1CF-CDF5-4719-A00C-3DEA9CC58D0D}.Release|Any CPU.ActiveCfg = Release|Any CPU
		{6D29B1CF-CDF5-4719-A00C-3DEA9CC58D0D}.Release|Any CPU.Build.0 = Release|Any CPU
	EndGlobalSection
	GlobalSection(SolutionProperties) = preSolution
		HideSolutionNode = FALSE
	EndGlobalSection
EndGlobal
